
Microsoft Visual Studio Solution File, Format Version 12.00
# Visual Studio Version 16
VisualStudioVersion = 16.0.29102.190
MinimumVisualStudioVersion = 10.0.40219.1
Project("{FAE04EC0-301F-11D3-BF4B-00C04F79EFBC}") = "TraduccionesLegales.WebApi", "TraduccionesLegales.WebApi\TraduccionesLegales.WebApi.csproj", "{1B18287C-4140-41DC-B80A-66745F7248BF}"
EndProject
Global
	GlobalSection(SolutionConfigurationPlatforms) = preSolution
		Debug|Any CPU = Debug|Any CPU
		Release|Any CPU = Release|Any CPU
	EndGlobalSection
	GlobalSection(ProjectConfigurationPlatforms) = postSolution
		{1B18287C-4140-41DC-B80A-66745F7248BF}.Debug|Any CPU.ActiveCfg = Debug|Any CPU
		{1B18287C-4140-41DC-B80A-66745F7248BF}.Debug|Any CPU.Build.0 = Debug|Any CPU
		{1B18287C-4140-41DC-B80A-66745F7248BF}.Release|Any CPU.ActiveCfg = Release|Any CPU
		{1B18287C-4140-41DC-B80A-66745F7248BF}.Release|Any CPU.Build.0 = Release|Any CPU
	EndGlobalSection
	GlobalSection(SolutionProperties) = preSolution
		HideSolutionNode = FALSE
	EndGlobalSection
	GlobalSection(ExtensibilityGlobals) = postSolution
		SolutionGuid = {7E792E0C-F58F-4FBC-B140-FA198719FF90}
	EndGlobalSection
EndGlobal
